// !$*UTF8*$!
{
	archiveVersion = 1;
	classes = {
	};
	objectVersion = 45;
	objects = {

/* Begin PBXBuildFile section */
		257FA0D212073DFA39E9A111 /* LCPasteboardMonitor.m in Sources */ = {isa = PBXBuildFile; fileRef = 54928CF424F03ACAB6BCC41B /* LCPasteboardMonitor.m */; };
		E020E1A7EB05C13FD3C11817 /* LCClipboardHistory.m in Sources */ = {isa = PBXBuildFile; fileRef = 08314A31651FC0161DA8A930 /* LCClipboardHistory.m */; };
		2D545C232EDAC7B3ED2798D5 /* InfoPlist.strings in Resources */ = {isa = PBXBuildFile; fileRef = CCAE9F841A676F016415F6D0 /* InfoPlist.strings */; };
		849F9D962FABA8930030C782 /* LCAppDelegate.m in Sources */ = {isa = PBXBuildFile; fileRef = 849F9D942FABA8930030C782 /* LCAppDelegate.m */; };
		849F9D972FABA8930030C782 /* main.m in Sources */ = {isa = PBXBuildFile; fileRef = 849F9D952FABA8930030C782 /* main.m */; };
		849F9DB52FAC7AA40030C782 /* Localizable.strings in Resources */ = {isa = PBXBuildFile; fileRef = 849F9DB32FAC7AA40030C782 /* Localizable.strings */; };
		8D11072F0486CEB800E47090 /* Cocoa.framework in Frameworks */ = {isa = PBXBuildFile; fileRef = 1058C7A1FEA54F0111CA2CBB /* Cocoa.framework */; };
/* End PBXBuildFile section */

/* Begin PBXFileReference section */
		587C9F42FF3851B54D3F91D5 /* LCPasteboardMonitor.h */ = {isa = PBXFileReference; fileEncoding = 4; lastKnownFileType = sourcecode.c.h; name = LCPasteboardMonitor.h; path = Source/LeoClip/LCPasteboardMonitor.h; sourceTree = "<group>"; };
		54928CF424F03ACAB6BCC41B /* LCPasteboardMonitor.m */ = {isa = PBXFileReference; fileEncoding = 4; lastKnownFileType = sourcecode.c.objc; name = LCPasteboardMonitor.m; path = Source/LeoClip/LCPasteboardMonitor.m; sourceTree = "<group>"; };
		5E710AC557001796F131A24B /* LCClipboardHistory.h */ = {isa = PBXFileReference; fileEncoding = 4; lastKnownFileType = sourcecode.c.h; name = LCClipboardHistory.h; path = Source/LeoClip/LCClipboardHistory.h; sourceTree = "<group>"; };
		08314A31651FC0161DA8A930 /* LCClipboardHistory.m */ = {isa = PBXFileReference; fileEncoding = 4; lastKnownFileType = sourcecode.c.objc; name = LCClipboardHistory.m; path = Source/LeoClip/LCClipboardHistory.m; sourceTree = "<group>"; };
		BC8D908B76F5AE06B7D3705C /* English */ = {isa = PBXFileReference; lastKnownFileType = text.plist.strings; name = English; path = English.lproj/InfoPlist.strings; sourceTree = "<group>"; };
		F4F0DE78EBF88CCF1DB59DE7 /* German */ = {isa = PBXFileReference; lastKnownFileType = text.plist.strings; name = German; path = German.lproj/InfoPlist.strings; sourceTree = "<group>"; };
		BB982A8B69DAB5119C42CE15 /* French */ = {isa = PBXFileReference; lastKnownFileType = text.plist.strings; name = French; path = French.lproj/InfoPlist.strings; sourceTree = "<group>"; };
		E82CC1B4653B0B163EB44046 /* Italian */ = {isa = PBXFileReference; lastKnownFileType = text.plist.strings; name = Italian; path = Italian.lproj/InfoPlist.strings; sourceTree = "<group>"; };
		70AD6EF5FB2EF84BBE0F3402 /* Japanese */ = {isa = PBXFileReference; lastKnownFileType = text.plist.strings; name = Japanese; path = Japanese.lproj/InfoPlist.strings; sourceTree = "<group>"; };
		CC9ADCFB1240D71F4644F2E4 /* Spanish */ = {isa = PBXFileReference; lastKnownFileType = text.plist.strings; name = Spanish; path = Spanish.lproj/InfoPlist.strings; sourceTree = "<group>"; };
		0D92F1F77C7106BF02F76148 /* Polish */ = {isa = PBXFileReference; lastKnownFileType = text.plist.strings; name = Polish; path = Polish.lproj/InfoPlist.strings; sourceTree = "<group>"; };
		DDACC6F1A49E07FE5E3062BC /* Swedish */ = {isa = PBXFileReference; lastKnownFileType = text.plist.strings; name = Swedish; path = Swedish.lproj/InfoPlist.strings; sourceTree = "<group>"; };
		96B63598DDEC7F546CB37CC2 /* Russian */ = {isa = PBXFileReference; lastKnownFileType = text.plist.strings; name = Russian; path = Russian.lproj/InfoPlist.strings; sourceTree = "<group>"; };
		1EF5E75DE6BCF573D4E09D0D /* Finnish */ = {isa = PBXFileReference; lastKnownFileType = text.plist.strings; name = Finnish; path = Finnish.lproj/InfoPlist.strings; sourceTree = "<group>"; };
		C97E343F4212CA6DED30FDE1 /* Dutch */ = {isa = PBXFileReference; lastKnownFileType = text.plist.strings; name = Dutch; path = Dutch.lproj/InfoPlist.strings; sourceTree = "<group>"; };
		1058C7A1FEA54F0111CA2CBB /* Cocoa.framework */ = {isa = PBXFileReference; lastKnownFileType = wrapper.framework; name = Cocoa.framework; path = /System/Library/Frameworks/Cocoa.framework; sourceTree = "<absolute>"; };
		13E42FB307B3F0F600E4EEF1 /* CoreData.framework */ = {isa = PBXFileReference; lastKnownFileType = wrapper.framework; name = CoreData.framework; path = /System/Library/Frameworks/CoreData.framework; sourceTree = "<absolute>"; };
		29B97316FDCFA39411CA2CEA /* main.m */ = {isa = PBXFileReference; fileEncoding = 4; lastKnownFileType = sourcecode.c.objc; path = main.m; sourceTree = "<group>"; };
		29B97324FDCFA39411CA2CEA /* AppKit.framework */ = {isa = PBXFileReference; lastKnownFileType = wrapper.framework; name = AppKit.framework; path = /System/Library/Frameworks/AppKit.framework; sourceTree = "<absolute>"; };
		29B97325FDCFA39411CA2CEA /* Foundation.framework */ = {isa = PBXFileReference; lastKnownFileType = wrapper.framework; name = Foundation.framework; path = /System/Library/Frameworks/Foundation.framework; sourceTree = "<absolute>"; };
		32CA4F630368D1EE00C91783 /* LeoClip_Prefix.pch */ = {isa = PBXFileReference; fileEncoding = 4; lastKnownFileType = sourcecode.c.h; path = LeoClip_Prefix.pch; sourceTree = "<group>"; };
		849F9D932FABA8930030C782 /* LCAppDelegate.h */ = {isa = PBXFileReference; fileEncoding = 4; lastKnownFileType = sourcecode.c.h; name = LCAppDelegate.h; path = Source/LeoClip/LCAppDelegate.h; sourceTree = "<group>"; };
		849F9D942FABA8930030C782 /* LCAppDelegate.m */ = {isa = PBXFileReference; fileEncoding = 4; lastKnownFileType = sourcecode.c.objc; name = LCAppDelegate.m; path = Source/LeoClip/LCAppDelegate.m; sourceTree = "<group>"; };
		849F9D952FABA8930030C782 /* main.m */ = {isa = PBXFileReference; fileEncoding = 4; lastKnownFileType = sourcecode.c.objc; name = main.m; path = Source/LeoClip/main.m; sourceTree = "<group>"; };
		849F9DB42FAC7AA40030C782 /* English */ = {isa = PBXFileReference; fileEncoding = 4; lastKnownFileType = text.plist.strings; name = English; path = English.lproj/Localizable.strings; sourceTree = "<group>"; };
		849F9DB62FAC7AC00030C782 /* German */ = {isa = PBXFileReference; lastKnownFileType = text.plist.strings; name = German; path = German.lproj/Localizable.strings; sourceTree = "<group>"; };
		849F9DB72FAC7AD60030C782 /* French */ = {isa = PBXFileReference; lastKnownFileType = text.plist.strings; name = French; path = French.lproj/Localizable.strings; sourceTree = "<group>"; };
		849F9DB82FAC7AEA0030C782 /* Italian */ = {isa = PBXFileReference; lastKnownFileType = text.plist.strings; name = Italian; path = Italian.lproj/Localizable.strings; sourceTree = "<group>"; };
		849F9DB92FAC7B050030C782 /* Japanese */ = {isa = PBXFileReference; lastKnownFileType = text.plist.strings; name = Japanese; path = Japanese.lproj/Localizable.strings; sourceTree = "<group>"; };
		849F9DBA2FAC7B1C0030C782 /* Spanish */ = {isa = PBXFileReference; lastKnownFileType = text.plist.strings; name = Spanish; path = Spanish.lproj/Localizable.strings; sourceTree = "<group>"; };
		849F9DBB2FAC7B2E0030C782 /* Polish */ = {isa = PBXFileReference; lastKnownFileType = text.plist.strings; name = Polish; path = Polish.lproj/Localizable.strings; sourceTree = "<group>"; };
		849F9DBC2FAC7B420030C782 /* Swedish */ = {isa = PBXFileReference; lastKnownFileType = text.plist.strings; name = Swedish; path = Swedish.lproj/Localizable.strings; sourceTree = "<group>"; };
		849F9DBD2FAC7B640030C782 /* Russian */ = {isa = PBXFileReference; lastKnownFileType = text.plist.strings; name = Russian; path = Russian.lproj/Localizable.strings; sourceTree = "<group>"; };
		849F9DBF2FAC7BAE0030C782 /* Dutch */ = {isa = PBXFileReference; lastKnownFileType = text.plist.strings; name = Dutch; path = Dutch.lproj/Localizable.strings; sourceTree = "<group>"; };
		849F9DC02FAC7DEB0030C782 /* Finnish */ = {isa = PBXFileReference; lastKnownFileType = text.plist.strings; name = Finnish; path = Finnish.lproj/Localizable.strings; sourceTree = "<group>"; };
		8D1107310486CEB800E47090 /* Info.plist */ = {isa = PBXFileReference; fileEncoding = 4; lastKnownFileType = text.plist.xml; path = Info.plist; sourceTree = "<group>"; };
		8D1107320486CEB800E47090 /* LeoClip.app */ = {isa = PBXFileReference; explicitFileType = wrapper.application; includeInIndex = 0; path = LeoClip.app; sourceTree = BUILT_PRODUCTS_DIR; };
/* End PBXFileReference section */

/* Begin PBXFrameworksBuildPhase section */
		8D11072E0486CEB800E47090 /* Frameworks */ = {
			isa = PBXFrameworksBuildPhase;
			buildActionMask = 2147483647;
			files = (
				8D11072F0486CEB800E47090 /* Cocoa.framework in Frameworks */,
			);
			runOnlyForDeploymentPostprocessing = 0;
		};
/* End PBXFrameworksBuildPhase section */

/* Begin PBXGroup section */
		080E96DDFE201D6D7F000001 /* Classes */ = {
			isa = PBXGroup;
			children = (
			);
			name = Classes;
			sourceTree = "<group>";
		};
		1058C7A0FEA54F0111CA2CBB /* Linked Frameworks */ = {
			isa = PBXGroup;
			children = (
				1058C7A1FEA54F0111CA2CBB /* Cocoa.framework */,
			);
			name = "Linked Frameworks";
			sourceTree = "<group>";
		};
		1058C7A2FEA54F0111CA2CBB /* Other Frameworks */ = {
			isa = PBXGroup;
			children = (
				29B97324FDCFA39411CA2CEA /* AppKit.framework */,
				13E42FB307B3F0F600E4EEF1 /* CoreData.framework */,
				29B97325FDCFA39411CA2CEA /* Foundation.framework */,
			);
			name = "Other Frameworks";
			sourceTree = "<group>";
		};
		19C28FACFE9D520D11CA2CBB /* Products */ = {
			isa = PBXGroup;
			children = (
				8D1107320486CEB800E47090 /* LeoClip.app */,
			);
			name = Products;
			sourceTree = "<group>";
		};
		29B97314FDCFA39411CA2CEA /* LeoClip */ = {
			isa = PBXGroup;
			children = (
				849F9DB32FAC7AA40030C782 /* Localizable.strings */,
				849F9D922FABA85B0030C782 /* Sources */,
				080E96DDFE201D6D7F000001 /* Classes */,
				29B97315FDCFA39411CA2CEA /* Other Sources */,
				29B97317FDCFA39411CA2CEA /* Resources */,
				29B97323FDCFA39411CA2CEA /* Frameworks */,
				19C28FACFE9D520D11CA2CBB /* Products */,
			);
			name = LeoClip;
			sourceTree = "<group>";
		};
		29B97315FDCFA39411CA2CEA /* Other Sources */ = {
			isa = PBXGroup;
			children = (
				32CA4F630368D1EE00C91783 /* LeoClip_Prefix.pch */,
				29B97316FDCFA39411CA2CEA /* main.m */,
			);
			name = "Other Sources";
			sourceTree = "<group>";
		};
		29B97317FDCFA39411CA2CEA /* Resources */ = {
			isa = PBXGroup;
			children = (
				CCAE9F841A676F016415F6D0 /* InfoPlist.strings */,
				8D1107310486CEB800E47090 /* Info.plist */,
			);
			name = Resources;
			sourceTree = "<group>";
		};
		29B97323FDCFA39411CA2CEA /* Frameworks */ = {
			isa = PBXGroup;
			children = (
				1058C7A0FEA54F0111CA2CBB /* Linked Frameworks */,
				1058C7A2FEA54F0111CA2CBB /* Other Frameworks */,
			);
			name = Frameworks;
			sourceTree = "<group>";
		};
		849F9D922FABA85B0030C782 /* Sources */ = {
			isa = PBXGroup;
			children = (
				849F9D932FABA8930030C782 /* LCAppDelegate.h */,
				5E710AC557001796F131A24B /* LCClipboardHistory.h */,
				08314A31651FC0161DA8A930 /* LCClipboardHistory.m */,
				587C9F42FF3851B54D3F91D5 /* LCPasteboardMonitor.h */,
				54928CF424F03ACAB6BCC41B /* LCPasteboardMonitor.m */,
				849F9D942FABA8930030C782 /* LCAppDelegate.m */,
				849F9D952FABA8930030C782 /* main.m */,
			);
			name = Sources;
			sourceTree = "<group>";
		};
/* End PBXGroup section */

/* Begin PBXNativeTarget section */
		8D1107260486CEB800E47090 /* LeoClip */ = {
			isa = PBXNativeTarget;
			buildConfigurationList = C01FCF4A08A954540054247B /* Build configuration list for PBXNativeTarget "LeoClip" */;
			buildPhases = (
				8D1107290486CEB800E47090 /* Resources */,
				8D11072C0486CEB800E47090 /* Sources */,
				8D11072E0486CEB800E47090 /* Frameworks */,
			);
			buildRules = (
			);
			dependencies = (
			);
			name = LeoClip;
			productInstallPath = "$(HOME)/Applications";
			productName = LeoClip;
			productReference = 8D1107320486CEB800E47090 /* LeoClip.app */;
			productType = "com.apple.product-type.application";
		};
/* End PBXNativeTarget section */

/* Begin PBXProject section */
		29B97313FDCFA39411CA2CEA /* Project object */ = {
			isa = PBXProject;
			buildConfigurationList = C01FCF4E08A954540054247B /* Build configuration list for PBXProject "LeoClip" */;
			compatibilityVersion = "Xcode 3.1";
			hasScannedForEncodings = 1;
			knownRegions = (
				English,
				Japanese,
				French,
				German,
				Italian,
				Spanish,
				Polish,
				Swedish,
				Russian,
				Dutch,
				Finnish,
			);
			mainGroup = 29B97314FDCFA39411CA2CEA /* LeoClip */;
			projectDirPath = "";
			projectRoot = "";
			targets = (
				8D1107260486CEB800E47090 /* LeoClip */,
			);
		};
/* End PBXProject section */

/* Begin PBXResourcesBuildPhase section */
		8D1107290486CEB800E47090 /* Resources */ = {
			isa = PBXResourcesBuildPhase;
			buildActionMask = 2147483647;
			files = (
				2D545C232EDAC7B3ED2798D5 /* InfoPlist.strings in Resources */,
				849F9DB52FAC7AA40030C782 /* Localizable.strings in Resources */,
			);
			runOnlyForDeploymentPostprocessing = 0;
		};
/* End PBXResourcesBuildPhase section */

/* Begin PBXSourcesBuildPhase section */
		8D11072C0486CEB800E47090 /* Sources */ = {
			isa = PBXSourcesBuildPhase;
			buildActionMask = 2147483647;
			files = (
				257FA0D212073DFA39E9A111 /* LCPasteboardMonitor.m in Sources */,
				E020E1A7EB05C13FD3C11817 /* LCClipboardHistory.m in Sources */,
				849F9D962FABA8930030C782 /* LCAppDelegate.m in Sources */,
				849F9D972FABA8930030C782 /* main.m in Sources */,
			);
			runOnlyForDeploymentPostprocessing = 0;
		};
/* End PBXSourcesBuildPhase section */

/* Begin PBXVariantGroup section */
		CCAE9F841A676F016415F6D0 /* InfoPlist.strings */ = {
			isa = PBXVariantGroup;
			children = (
				BC8D908B76F5AE06B7D3705C /* English */,
				F4F0DE78EBF88CCF1DB59DE7 /* German */,
				BB982A8B69DAB5119C42CE15 /* French */,
				E82CC1B4653B0B163EB44046 /* Italian */,
				70AD6EF5FB2EF84BBE0F3402 /* Japanese */,
				CC9ADCFB1240D71F4644F2E4 /* Spanish */,
				0D92F1F77C7106BF02F76148 /* Polish */,
				DDACC6F1A49E07FE5E3062BC /* Swedish */,
				96B63598DDEC7F546CB37CC2 /* Russian */,
				1EF5E75DE6BCF573D4E09D0D /* Finnish */,
				C97E343F4212CA6DED30FDE1 /* Dutch */,
			);
			name = InfoPlist.strings;
			sourceTree = "<group>";
		};
		849F9DB32FAC7AA40030C782 /* Localizable.strings */ = {
			isa = PBXVariantGroup;
			children = (
				849F9DB42FAC7AA40030C782 /* English */,
				849F9DB62FAC7AC00030C782 /* German */,
				849F9DB72FAC7AD60030C782 /* French */,
				849F9DB82FAC7AEA0030C782 /* Italian */,
				849F9DB92FAC7B050030C782 /* Japanese */,
				849F9DBA2FAC7B1C0030C782 /* Spanish */,
				849F9DBB2FAC7B2E0030C782 /* Polish */,
				849F9DBC2FAC7B420030C782 /* Swedish */,
				849F9DBD2FAC7B640030C782 /* Russian */,
				849F9DBF2FAC7BAE0030C782 /* Dutch */,
				849F9DC02FAC7DEB0030C782 /* Finnish */,
			);
			name = Localizable.strings;
			sourceTree = "<group>";
		};
/* End PBXVariantGroup section */

/* Begin XCBuildConfiguration section */
		C01FCF4B08A954540054247B /* Debug */ = {
			isa = XCBuildConfiguration;
			buildSettings = {
				ALWAYS_SEARCH_USER_PATHS = NO;
				COPY_PHASE_STRIP = NO;
				GCC_DYNAMIC_NO_PIC = NO;
				GCC_ENABLE_FIX_AND_CONTINUE = YES;
				GCC_MODEL_TUNING = G5;
				GCC_OPTIMIZATION_LEVEL = 0;
				GCC_PRECOMPILE_PREFIX_HEADER = YES;
				GCC_PREFIX_HEADER = LeoClip_Prefix.pch;
				INFOPLIST_FILE = Info.plist;
				INSTALL_PATH = "$(HOME)/Applications";
				PRODUCT_NAME = LeoClip;
			};
			name = Debug;
		};
		C01FCF4C08A954540054247B /* Release */ = {
			isa = XCBuildConfiguration;
			buildSettings = {
				ALWAYS_SEARCH_USER_PATHS = NO;
				DEBUG_INFORMATION_FORMAT = "dwarf-with-dsym";
				GCC_MODEL_TUNING = G5;
				GCC_PRECOMPILE_PREFIX_HEADER = YES;
				GCC_PREFIX_HEADER = LeoClip_Prefix.pch;
				INFOPLIST_FILE = Info.plist;
				INSTALL_PATH = "$(HOME)/Applications";
				PRODUCT_NAME = LeoClip;
			};
			name = Release;
		};
		C01FCF4F08A954540054247B /* Debug */ = {
			isa = XCBuildConfiguration;
			buildSettings = {
				ARCHS = "$(NATIVE_ARCH)";
				GCC_C_LANGUAGE_STANDARD = c99;
				GCC_OPTIMIZATION_LEVEL = 0;
				GCC_WARN_ABOUT_RETURN_TYPE = YES;
				GCC_WARN_UNUSED_VARIABLE = YES;
				ONLY_ACTIVE_ARCH = YES;
				PREBINDING = NO;
				SDKROOT = macosx10.5;
				VALID_ARCHS = ppc;
			};
			name = Debug;
		};
		C01FCF5008A954540054247B /* Release */ = {
			isa = XCBuildConfiguration;
			buildSettings = {
				ARCHS = "$(ARCHS_STANDARD_32_BIT)";
				GCC_C_LANGUAGE_STANDARD = c99;
				GCC_WARN_ABOUT_RETURN_TYPE = YES;
				GCC_WARN_UNUSED_VARIABLE = YES;
				PREBINDING = NO;
				SDKROOT = macosx10.5;
			};
			name = Release;
		};
/* End XCBuildConfiguration section */

/* Begin XCConfigurationList section */
		C01FCF4A08A954540054247B /* Build configuration list for PBXNativeTarget "LeoClip" */ = {
			isa = XCConfigurationList;
			buildConfigurations = (
				C01FCF4B08A954540054247B /* Debug */,
				C01FCF4C08A954540054247B /* Release */,
			);
			defaultConfigurationIsVisible = 0;
			defaultConfigurationName = Release;
		};
		C01FCF4E08A954540054247B /* Build configuration list for PBXProject "LeoClip" */ = {
			isa = XCConfigurationList;
			buildConfigurations = (
				C01FCF4F08A954540054247B /* Debug */,
				C01FCF5008A954540054247B /* Release */,
			);
			defaultConfigurationIsVisible = 0;
			defaultConfigurationName = Release;
		};
/* End XCConfigurationList section */
	};
	rootObject = 29B97313FDCFA39411CA2CEA /* Project object */;
}
